// !$*UTF8*$!
{
	archiveVersion = 1;
	classes = {
	};
	objectVersion = 42;
	objects = {

/* Begin PBXBuildFile section */
		069D05B0128AE5DC7EE31738 /* QtCore.framework in Frameworks & Libraries */ = {isa = PBXBuildFile; fileRef = 7BC2E65A5E699A5E5D834CA2 /* QtCore.framework */; };
		06F3167910EDED8C005FFDE3 /* MPlot.app in Project Copy */ = {isa = PBXBuildFile; fileRef = 06F3167610EDED8C005FFDE3 /* MPlot.app */; };
		4A06548D12058D9613AF8A16 /* moc_MPlotSeriesData.cpp in Build Sources */ = {isa = PBXBuildFile; fileRef = 74B2B810AB19A07CC226F282 /* moc_MPlotSeriesData.cpp */; settings = {ATTRIBUTES = (); }; };
		501667F26B3C1FF6767A7C12 /* QtGui.framework in Frameworks & Libraries */ = {isa = PBXBuildFile; fileRef = 9B36DA7E32F0304E780E7972 /* QtGui.framework */; };
		5B91DAD375CB18FC1B272EAD /* moc_MPlotSeries.cpp in Build Sources */ = {isa = PBXBuildFile; fileRef = 0876B85AD1E03C702FD0DC8C /* moc_MPlotSeries.cpp */; settings = {ATTRIBUTES = (); }; };
		68482D2FFAF86B3B9511FD4B /* moc_MPLotWindow.cpp in Build Sources */ = {isa = PBXBuildFile; fileRef = 644605BC45FEBB700412A932 /* moc_MPLotWindow.cpp */; settings = {ATTRIBUTES = (); }; };
		9ACF83E6A6DA40BF8236DAC8 /* moc_MPlot.cpp in Build Sources */ = {isa = PBXBuildFile; fileRef = 07AF72D398CFDBA108BB0E94 /* moc_MPlot.cpp */; settings = {ATTRIBUTES = (); }; };
		FD1638E377D97C82BDB438FB /* main.cpp in Build Sources */ = {isa = PBXBuildFile; fileRef = 7EC3C68A81EFFF79B6CA22AC /* main.cpp */; settings = {ATTRIBUTES = (); }; };
/* End PBXBuildFile section */

/* Begin PBXCopyFilesBuildPhase section */
		F6069D5A5DA8AA28EDB8B3C6 /* Project Copy */ = {
			isa = PBXCopyFilesBuildPhase;
			buildActionMask = 2147483647;
			dstPath = /Users/mboots/dev/MPlot;
			dstSubfolderSpec = 0;
			files = (
				06F3167910EDED8C005FFDE3 /* MPlot.app in Project Copy */,
			);
			name = "Project Copy";
			runOnlyForDeploymentPostprocessing = 0;
		};
/* End PBXCopyFilesBuildPhase section */

/* Begin PBXFileReference section */
		06F3167610EDED8C005FFDE3 /* MPlot.app */ = {isa = PBXFileReference; explicitFileType = wrapper.application; includeInIndex = 0; path = MPlot.app; sourceTree = BUILT_PRODUCTS_DIR; };
		07AF72D398CFDBA108BB0E94 /* moc_MPlot.cpp */ = {isa = PBXFileReference; lastKnownFileType = sourcecode.cpp.cpp; path = moc_MPlot.cpp; sourceTree = "<group>"; };
		0876B85AD1E03C702FD0DC8C /* moc_MPlotSeries.cpp */ = {isa = PBXFileReference; lastKnownFileType = sourcecode.cpp.cpp; path = moc_MPlotSeries.cpp; sourceTree = "<group>"; };
		278FB14B7CE017673064F049 /* MPlotLegend.h */ = {isa = PBXFileReference; lastKnownFileType = sourcecode.c.h; name = MPlotLegend.h; path = src/MPlot/MPlotLegend.h; sourceTree = "<group>"; };
		2819574BBB835A4096D4C546 /* MPlotAxis.h */ = {isa = PBXFileReference; lastKnownFileType = sourcecode.c.h; name = MPlotAxis.h; path = src/MPlot/MPlotAxis.h; sourceTree = "<group>"; };
		5EDCA35A5FC73A57BFFE6F04 /* MPlotGrid.h */ = {isa = PBXFileReference; lastKnownFileType = sourcecode.c.h; name = MPlotGrid.h; path = src/MPlot/MPlotGrid.h; sourceTree = "<group>"; };
		644605BC45FEBB700412A932 /* moc_MPLotWindow.cpp */ = {isa = PBXFileReference; lastKnownFileType = sourcecode.cpp.cpp; path = moc_MPLotWindow.cpp; sourceTree = "<group>"; };
		6CE7EDA31007327E90601925 /* MPlotSeriesData.h */ = {isa = PBXFileReference; lastKnownFileType = sourcecode.c.h; name = MPlotSeriesData.h; path = src/MPlot/MPlotSeriesData.h; sourceTree = "<group>"; };
		74B2B810AB19A07CC226F282 /* moc_MPlotSeriesData.cpp */ = {isa = PBXFileReference; lastKnownFileType = sourcecode.cpp.cpp; path = moc_MPlotSeriesData.cpp; sourceTree = "<group>"; };
		799145C0C63385E45F14BBA5 /* MPlot.h */ = {isa = PBXFileReference; lastKnownFileType = sourcecode.c.h; name = MPlot.h; path = src/MPlot/MPlot.h; sourceTree = "<group>"; };
		7BC2E65A5E699A5E5D834CA2 /* QtCore.framework */ = {isa = PBXFileReference; lastKnownFileType = wrapper.framework; name = QtCore.framework; path = /Library/Frameworks/QtCore.framework; sourceTree = "<absolute>"; };
		7E82A0C297DE14BBE0838C2D /* MPlotBackground.h */ = {isa = PBXFileReference; lastKnownFileType = sourcecode.c.h; name = MPlotBackground.h; path = src/MPlot/MPlotBackground.h; sourceTree = "<group>"; };
		7EC3C68A81EFFF79B6CA22AC /* main.cpp */ = {isa = PBXFileReference; lastKnownFileType = sourcecode.cpp.cpp; name = main.cpp; path = src/main.cpp; sourceTree = "<group>"; };
		9B36DA7E32F0304E780E7972 /* QtGui.framework */ = {isa = PBXFileReference; lastKnownFileType = wrapper.framework; name = QtGui.framework; path = /Library/Frameworks/QtGui.framework; sourceTree = "<absolute>"; };
		C686798BDC4E79C5D97F5A34 /* MPlotSeries.h */ = {isa = PBXFileReference; lastKnownFileType = sourcecode.c.h; name = MPlotSeries.h; path = src/MPlot/MPlotSeries.h; sourceTree = "<group>"; };
		D45A36118B60C2EF85815821 /* MPlot.pro */ = {isa = PBXFileReference; lastKnownFileType = text; path = MPlot.pro; sourceTree = "<group>"; };
		F044E38E5520910F5DE47AD3 /* MPlotMarker.h */ = {isa = PBXFileReference; lastKnownFileType = sourcecode.c.h; name = MPlotMarker.h; path = src/MPlot/MPlotMarker.h; sourceTree = "<group>"; };
		FBD9ABDC70074FC4387B3ACF /* MPLotWindow.h */ = {isa = PBXFileReference; lastKnownFileType = sourcecode.c.h; name = MPLotWindow.h; path = src/MPlot/MPLotWindow.h; sourceTree = "<group>"; };
/* End PBXFileReference section */

/* Begin PBXFrameworksBuildPhase section */
		2A1043669E6E5A7426EA502A /* Frameworks & Libraries */ = {
			isa = PBXFrameworksBuildPhase;
			buildActionMask = 2147483647;
			files = (
				501667F26B3C1FF6767A7C12 /* QtGui.framework in Frameworks & Libraries */,
				069D05B0128AE5DC7EE31738 /* QtCore.framework in Frameworks & Libraries */,
			);
			name = "Frameworks & Libraries";
			runOnlyForDeploymentPostprocessing = 0;
		};
/* End PBXFrameworksBuildPhase section */

/* Begin PBXGroup section */
		05596AB53D8D521C69802C27 /* MPlot */ = {
			isa = PBXGroup;
			children = (
				FB61758D0F0FDA4BA867C3D5 /* Sources */,
				46E892BBB6BB6952967E0561 /* Temporary Sources */,
				883D7615C4D2DE3FA1218F12 /* Headers */,
				7CABE3C80E79AD2B307756D2 /* Sources [qmake] */,
				ED1E82605DD74B483AF3C982 /* External Frameworks and Libraries */,
				06F3167710EDED8C005FFDE3 /* Products */,
			);
			name = MPlot;
			sourceTree = "<group>";
		};
		06674E1DE8D3EB6E763DFFDA /* src */ = {
			isa = PBXGroup;
			children = (
				7EC3C68A81EFFF79B6CA22AC /* main.cpp */,
			);
			name = src;
			sourceTree = "<group>";
		};
		06F3167710EDED8C005FFDE3 /* Products */ = {
			isa = PBXGroup;
			children = (
				06F3167610EDED8C005FFDE3 /* MPlot.app */,
			);
			name = Products;
			sourceTree = "<group>";
		};
		46E892BBB6BB6952967E0561 /* Temporary Sources */ = {
			isa = PBXGroup;
			children = (
				644605BC45FEBB700412A932 /* moc_MPLotWindow.cpp */,
				07AF72D398CFDBA108BB0E94 /* moc_MPlot.cpp */,
				0876B85AD1E03C702FD0DC8C /* moc_MPlotSeries.cpp */,
				74B2B810AB19A07CC226F282 /* moc_MPlotSeriesData.cpp */,
			);
			name = "Temporary Sources";
			sourceTree = "<group>";
		};
		7CABE3C80E79AD2B307756D2 /* Sources [qmake] */ = {
			isa = PBXGroup;
			children = (
				D45A36118B60C2EF85815821 /* MPlot.pro */,
			);
			name = "Sources [qmake]";
			sourceTree = "<group>";
		};
		883D7615C4D2DE3FA1218F12 /* Headers */ = {
			isa = PBXGroup;
			children = (
				F4AF6147B42623F6B3284738 /* src */,
			);
			name = Headers;
			sourceTree = "<group>";
		};
		9BBFFACE31B3211257D68225 /* MPlot */ = {
			isa = PBXGroup;
			children = (
				FBD9ABDC70074FC4387B3ACF /* MPLotWindow.h */,
				2819574BBB835A4096D4C546 /* MPlotAxis.h */,
				7E82A0C297DE14BBE0838C2D /* MPlotBackground.h */,
				799145C0C63385E45F14BBA5 /* MPlot.h */,
				5EDCA35A5FC73A57BFFE6F04 /* MPlotGrid.h */,
				278FB14B7CE017673064F049 /* MPlotLegend.h */,
				F044E38E5520910F5DE47AD3 /* MPlotMarker.h */,
				C686798BDC4E79C5D97F5A34 /* MPlotSeries.h */,
				6CE7EDA31007327E90601925 /* MPlotSeriesData.h */,
			);
			name = MPlot;
			sourceTree = "<group>";
		};
		ED1E82605DD74B483AF3C982 /* External Frameworks and Libraries */ = {
			isa = PBXGroup;
			children = (
				9B36DA7E32F0304E780E7972 /* QtGui.framework */,
				7BC2E65A5E699A5E5D834CA2 /* QtCore.framework */,
			);
			name = "External Frameworks and Libraries";
			sourceTree = "<group>";
		};
		F4AF6147B42623F6B3284738 /* src */ = {
			isa = PBXGroup;
			children = (
				9BBFFACE31B3211257D68225 /* MPlot */,
			);
			name = src;
			sourceTree = "<group>";
		};
		FB61758D0F0FDA4BA867C3D5 /* Sources */ = {
			isa = PBXGroup;
			children = (
				06674E1DE8D3EB6E763DFFDA /* src */,
			);
			name = Sources;
			sourceTree = "<group>";
		};
/* End PBXGroup section */

/* Begin PBXNativeTarget section */
		A4B16BEE0BAE644ABC980D5F /* MPlot */ = {
			isa = PBXNativeTarget;
			buildConfigurationList = 06F3168210EDEDAA005FFDE3 /* Build configuration list for PBXNativeTarget "MPlot" */;
			buildPhases = (
				D7BA7D76DAB5DD13389D6332 /* Qt Qmake */,
				A0A52A2ADF7A1E2A99738674 /* Qt Preprocessors */,
				F6069D5A5DA8AA28EDB8B3C6 /* Project Copy */,
				C29B8785722055ED95EF7B57 /* Build Sources */,
				2A1043669E6E5A7426EA502A /* Frameworks & Libraries */,
				3787F99312C85FF0073FD7BA /* Bundle Resources */,
			);
			buildRules = (
			);
			dependencies = (
			);
			name = MPlot;
			productName = MPlot;
			productReference = 06F3167610EDED8C005FFDE3 /* MPlot.app */;
			productType = "com.apple.product-type.application";
		};
/* End PBXNativeTarget section */

/* Begin PBXProject section */
		91B15E841AA80083484172DE /* Project object */ = {
			isa = PBXProject;
			buildConfigurationList = 2A951308CDB28F104D0A4BD2 /* Build configuration list for PBXProject "MPlot" */;
			compatibilityVersion = "Xcode 2.4";
			hasScannedForEncodings = 1;
			mainGroup = 05596AB53D8D521C69802C27 /* MPlot */;
			productRefGroup = 06F3167710EDED8C005FFDE3 /* Products */;
			projectDirPath = "";
			projectRoot = "";
			targets = (
				A4B16BEE0BAE644ABC980D5F /* MPlot */,
			);
		};
/* End PBXProject section */

/* Begin PBXResourcesBuildPhase section */
		3787F99312C85FF0073FD7BA /* Bundle Resources */ = {
			isa = PBXResourcesBuildPhase;
			buildActionMask = 2147483647;
			files = (
			);
			name = "Bundle Resources";
			runOnlyForDeploymentPostprocessing = 0;
		};
/* End PBXResourcesBuildPhase section */

/* Begin PBXShellScriptBuildPhase section */
		A0A52A2ADF7A1E2A99738674 /* Qt Preprocessors */ = {
			isa = PBXShellScriptBuildPhase;
			buildActionMask = 2147483647;
			files = (
			);
			name = "Qt Preprocessors";
			runOnlyForDeploymentPostprocessing = 0;
			shellPath = /bin/sh;
			shellScript = "make -C /Users/mboots/dev/MPlot -f MPlot.xcodeproj/qt_preprocess.mak";
		};
		D7BA7D76DAB5DD13389D6332 /* Qt Qmake */ = {
			isa = PBXShellScriptBuildPhase;
			buildActionMask = 2147483647;
			files = (
			);
			name = "Qt Qmake";
			runOnlyForDeploymentPostprocessing = 0;
			shellPath = /bin/sh;
			shellScript = "make -C /Users/mboots/dev/MPlot -f MPlot.xcodeproj/qt_makeqmake.mak";
		};
/* End PBXShellScriptBuildPhase section */

/* Begin PBXSourcesBuildPhase section */
		C29B8785722055ED95EF7B57 /* Build Sources */ = {
			isa = PBXSourcesBuildPhase;
			buildActionMask = 2147483647;
			files = (
				FD1638E377D97C82BDB438FB /* main.cpp in Build Sources */,
				68482D2FFAF86B3B9511FD4B /* moc_MPLotWindow.cpp in Build Sources */,
				9ACF83E6A6DA40BF8236DAC8 /* moc_MPlot.cpp in Build Sources */,
				5B91DAD375CB18FC1B272EAD /* moc_MPlotSeries.cpp in Build Sources */,
				4A06548D12058D9613AF8A16 /* moc_MPlotSeriesData.cpp in Build Sources */,
			);
			name = "Build Sources";
			runOnlyForDeploymentPostprocessing = 0;
		};
/* End PBXSourcesBuildPhase section */

/* Begin XCBuildConfiguration section */
		06F3167D10EDED8C005FFDE3 /* Debug */ = {
			isa = XCBuildConfiguration;
			buildSettings = {
				ARCHS = i386;
				BUILD_ROOT = /Users/mboots/dev/MPlot;
				COPY_PHASE_STRIP = NO;
				DYLIB_COMPATIBILITY_VERSION = 1.0;
				DYLIB_CURRENT_VERSION = 1.0.0;
				GCC_GENERATE_DEBUGGING_SYMBOLS = YES;
				GCC_OPTIMIZATION_LEVEL = 0;
				HEADER_SEARCH_PATHS = (
					/Library/Frameworks/QtCore.framework/Versions/4/Headers,
					/usr/include/QtCore,
					/Library/Frameworks/QtGui.framework/Versions/4/Headers,
					/usr/include/QtGui,
					/usr/include,
					.,
					src/MPlot,
					.,
					/usr/local/include,
					/System/Library/Frameworks/CarbonCore.framework/Headers,
					"/usr/local/Qt4.6/mkspecs/macx-xcode",
				);
				INFOPLIST_FILE = Info.plist;
				LEXFLAGS = "";
				LIBRARY_SEARCH_PATHS = /Library/Frameworks;
				MACOSX_DEPLOYMENT_TARGET = 10.4;
				OTHER_CFLAGS = (
					"-pipe",
					"-g",
					"-Wall",
					"-W",
					"-DQT_GUI_LIB",
					"-DQT_CORE_LIB",
					"-DQT_SHARED",
				);
				OTHER_CPLUSPLUSFLAGS = (
					"-pipe",
					"-g",
					"-Wall",
					"-W",
					"-DQT_GUI_LIB",
					"-DQT_CORE_LIB",
					"-DQT_SHARED",
				);
				OTHER_LDFLAGS = (
					"-headerpad_max_install_names",
					"-L/Library/Frameworks",
					"-F/Library/Frameworks",
				);
				OTHER_REZFLAGS = "";
				PREBINDING = NO;
				PRODUCT_NAME = MPlot;
				SECTORDER_FLAGS = "";
				WARNING_CFLAGS = "";
				YACCFLAGS = "-d";
			};
			name = Debug;
		};
		06F3167E10EDED8C005FFDE3 /* Release */ = {
			isa = XCBuildConfiguration;
			buildSettings = {
				ARCHS = i386;
				BUILD_ROOT = /Users/mboots/dev/MPlot;
				COPY_PHASE_STRIP = YES;
				DYLIB_COMPATIBILITY_VERSION = 1.0;
				DYLIB_CURRENT_VERSION = 1.0.0;
				GCC_GENERATE_DEBUGGING_SYMBOLS = NO;
				HEADER_SEARCH_PATHS = (
					/Library/Frameworks/QtCore.framework/Versions/4/Headers,
					/usr/include/QtCore,
					/Library/Frameworks/QtGui.framework/Versions/4/Headers,
					/usr/include/QtGui,
					/usr/include,
					.,
					src/MPlot,
					.,
					/usr/local/include,
					/System/Library/Frameworks/CarbonCore.framework/Headers,
					"/usr/local/Qt4.6/mkspecs/macx-xcode",
				);
				INFOPLIST_FILE = Info.plist;
				LEXFLAGS = "";
				LIBRARY_SEARCH_PATHS = /Library/Frameworks;
				MACOSX_DEPLOYMENT_TARGET = 10.4;
				OTHER_CFLAGS = (
					"-pipe",
					"-g",
					"-Wall",
					"-W",
					"-DQT_GUI_LIB",
					"-DQT_CORE_LIB",
					"-DQT_SHARED",
				);
				OTHER_CPLUSPLUSFLAGS = (
					"-pipe",
					"-g",
					"-Wall",
					"-W",
					"-DQT_GUI_LIB",
					"-DQT_CORE_LIB",
					"-DQT_SHARED",
				);
				OTHER_LDFLAGS = (
					"-headerpad_max_install_names",
					"-L/Library/Frameworks",
					"-F/Library/Frameworks",
				);
				OTHER_REZFLAGS = "";
				PREBINDING = NO;
				PRODUCT_NAME = MPlot;
				SECTORDER_FLAGS = "";
				WARNING_CFLAGS = "";
				YACCFLAGS = "-d";
			};
			name = Release;
		};
		06F3167F10EDED8C005FFDE3 /* Default */ = {
			isa = XCBuildConfiguration;
			buildSettings = {
				ARCHS = i386;
				BUILD_ROOT = /Users/mboots/dev/MPlot;
				DYLIB_COMPATIBILITY_VERSION = 1.0;
				DYLIB_CURRENT_VERSION = 1.0.0;
				HEADER_SEARCH_PATHS = (
					/Library/Frameworks/QtCore.framework/Versions/4/Headers,
					/usr/include/QtCore,
					/Library/Frameworks/QtGui.framework/Versions/4/Headers,
					/usr/include/QtGui,
					/usr/include,
					.,
					src/MPlot,
					.,
					/usr/local/include,
					/System/Library/Frameworks/CarbonCore.framework/Headers,
					"/usr/local/Qt4.6/mkspecs/macx-xcode",
				);
				INFOPLIST_FILE = Info.plist;
				LEXFLAGS = "";
				LIBRARY_SEARCH_PATHS = /Library/Frameworks;
				MACOSX_DEPLOYMENT_TARGET = 10.4;
				OTHER_CFLAGS = (
					"-pipe",
					"-g",
					"-Wall",
					"-W",
					"-DQT_GUI_LIB",
					"-DQT_CORE_LIB",
					"-DQT_SHARED",
				);
				OTHER_CPLUSPLUSFLAGS = (
					"-pipe",
					"-g",
					"-Wall",
					"-W",
					"-DQT_GUI_LIB",
					"-DQT_CORE_LIB",
					"-DQT_SHARED",
				);
				OTHER_LDFLAGS = (
					"-headerpad_max_install_names",
					"-L/Library/Frameworks",
					"-F/Library/Frameworks",
				);
				OTHER_REZFLAGS = "";
				PREBINDING = NO;
				PRODUCT_NAME = MPlot;
				SECTORDER_FLAGS = "";
				WARNING_CFLAGS = "";
				YACCFLAGS = "-d";
			};
			name = Default;
		};
		8DB1DD96F65B1BF1FFC506E0 /* Debug */ = {
			isa = XCBuildConfiguration;
			buildSettings = {
				COPY_PHASE_STRIP = NO;
				GCC_GENERATE_DEBUGGING_SYMBOLS = YES;
				GCC_OPTIMIZATION_LEVEL = 0;
			};
			name = Debug;
		};
		95E1EB2E5DDD587BE5B3E548 /* Release */ = {
			isa = XCBuildConfiguration;
			buildSettings = {
				COPY_PHASE_STRIP = YES;
				GCC_GENERATE_DEBUGGING_SYMBOLS = NO;
			};
			name = Release;
		};
/* End XCBuildConfiguration section */

/* Begin XCConfigurationList section */
		06F3168210EDEDAA005FFDE3 /* Build configuration list for PBXNativeTarget "MPlot" */ = {
			isa = XCConfigurationList;
			buildConfigurations = (
				06F3167D10EDED8C005FFDE3 /* Debug */,
				06F3167E10EDED8C005FFDE3 /* Release */,
				06F3167F10EDED8C005FFDE3 /* Default */,
			);
			defaultConfigurationIsVisible = 0;
			defaultConfigurationName = Default;
		};
		2A951308CDB28F104D0A4BD2 /* Build configuration list for PBXProject "MPlot" */ = {
			isa = XCConfigurationList;
			buildConfigurations = (
				8DB1DD96F65B1BF1FFC506E0 /* Debug */,
				95E1EB2E5DDD587BE5B3E548 /* Release */,
			);
			defaultConfigurationIsVisible = 0;
			defaultConfigurationName = Release;
		};
/* End XCConfigurationList section */
	};
	rootObject = 91B15E841AA80083484172DE /* Project object */;
}
